// !$*UTF8*$!
{
	archiveVersion = 1;
	classes = {
	};
	objectVersion = 46;
	objects = {

/* Begin PBXBuildFile section */
		3942A0495F0FB64528FE1CDA /* Pods_changegamer.framework in Frameworks */ = {isa = PBXBuildFile; fileRef = A38D562B0210FAAB734BC110 /* Pods_changegamer.framework */; };
		8E18DD4A1E3D80A300FCDB1F /* Graphik-Bold.otf in Resources */ = {isa = PBXBuildFile; fileRef = 8E18DD381E3D80A300FCDB1F /* Graphik-Bold.otf */; };
		8E18DD4C1E3D80A300FCDB1F /* Graphik-Extralight.otf in Resources */ = {isa = PBXBuildFile; fileRef = 8E18DD3A1E3D80A300FCDB1F /* Graphik-Extralight.otf */; };
		8E18DD4E1E3D80A300FCDB1F /* Graphik-Light.otf in Resources */ = {isa = PBXBuildFile; fileRef = 8E18DD3C1E3D80A300FCDB1F /* Graphik-Light.otf */; };
		8E18DD4F1E3D80A300FCDB1F /* Graphik-LightItalic.otf in Resources */ = {isa = PBXBuildFile; fileRef = 8E18DD3D1E3D80A300FCDB1F /* Graphik-LightItalic.otf */; };
		8E18DD501E3D80A300FCDB1F /* Graphik-Medium.otf in Resources */ = {isa = PBXBuildFile; fileRef = 8E18DD3E1E3D80A300FCDB1F /* Graphik-Medium.otf */; };
		8E18DD521E3D80A300FCDB1F /* Graphik-Regular.otf in Resources */ = {isa = PBXBuildFile; fileRef = 8E18DD401E3D80A300FCDB1F /* Graphik-Regular.otf */; };
		8E18DD5B1E3D80DC00FCDB1F /* Fonts.swift in Sources */ = {isa = PBXBuildFile; fileRef = 8E18DD5A1E3D80DC00FCDB1F /* Fonts.swift */; };
		8E18DD5D1E3D9DAE00FCDB1F /* AppearanceSetup.swift in Sources */ = {isa = PBXBuildFile; fileRef = 8E18DD5C1E3D9DAE00FCDB1F /* AppearanceSetup.swift */; };
		8E18DD5F1E3DB09700FCDB1F /* LoginViewController.swift in Sources */ = {isa = PBXBuildFile; fileRef = 8E18DD5E1E3DB09700FCDB1F /* LoginViewController.swift */; };
		8E2616301E518D2B008F75F2 /* BeeKeeperModel.swift in Sources */ = {isa = PBXBuildFile; fileRef = 8E26162F1E518D2B008F75F2 /* BeeKeeperModel.swift */; };
		8E2616341E51992A008F75F2 /* AddHiveMembersViewController.swift in Sources */ = {isa = PBXBuildFile; fileRef = 8E2616331E51992A008F75F2 /* AddHiveMembersViewController.swift */; };
		8E2616361E519A5C008F75F2 /* AddHiveMemberTableViewCell.swift in Sources */ = {isa = PBXBuildFile; fileRef = 8E2616351E519A5C008F75F2 /* AddHiveMemberTableViewCell.swift */; };
		8E26163A1E519BB1008F75F2 /* HiveMemberAddedTableViewCell.swift in Sources */ = {isa = PBXBuildFile; fileRef = 8E2616391E519BB1008F75F2 /* HiveMemberAddedTableViewCell.swift */; };
		8E2AD9091DC67BD6009CEF5F /* InitialViewController.swift in Sources */ = {isa = PBXBuildFile; fileRef = 8E2AD9081DC67BD6009CEF5F /* InitialViewController.swift */; };
		8E2AD90E1DC67DED009CEF5F /* AuthService.swift in Sources */ = {isa = PBXBuildFile; fileRef = 8E2AD90D1DC67DED009CEF5F /* AuthService.swift */; };
		8E37CADC1E3ECC0200203D73 /* CreateHiveViewController.swift in Sources */ = {isa = PBXBuildFile; fileRef = 8E37CADB1E3ECC0200203D73 /* CreateHiveViewController.swift */; };
		8E37CADE1E3ECC6100203D73 /* JoinExistingHiveViewController.swift in Sources */ = {isa = PBXBuildFile; fileRef = 8E37CADD1E3ECC6100203D73 /* JoinExistingHiveViewController.swift */; };
		8E3D24A51DB1FAC900B2D8FF /* AppDelegate.swift in Sources */ = {isa = PBXBuildFile; fileRef = 8E3D24A41DB1FAC900B2D8FF /* AppDelegate.swift */; };
		8E3D24A71DB1FAC900B2D8FF /* MainViewController.swift in Sources */ = {isa = PBXBuildFile; fileRef = 8E3D24A61DB1FAC900B2D8FF /* MainViewController.swift */; };
		8E3D24AC1DB1FAC900B2D8FF /* Assets.xcassets in Resources */ = {isa = PBXBuildFile; fileRef = 8E3D24AB1DB1FAC900B2D8FF /* Assets.xcassets */; };
		8E3D24AF1DB1FAC900B2D8FF /* LaunchScreen.storyboard in Resources */ = {isa = PBXBuildFile; fileRef = 8E3D24AD1DB1FAC900B2D8FF /* LaunchScreen.storyboard */; };
		8E3D24BA1DB1FAC900B2D8FF /* changegamerTests.swift in Sources */ = {isa = PBXBuildFile; fileRef = 8E3D24B91DB1FAC900B2D8FF /* changegamerTests.swift */; };
		8E3D24C51DB1FAC900B2D8FF /* changegamerUITests.swift in Sources */ = {isa = PBXBuildFile; fileRef = 8E3D24C41DB1FAC900B2D8FF /* changegamerUITests.swift */; };
		8E4D5CD11DB204DD00CC2870 /* ProfileService.swift in Sources */ = {isa = PBXBuildFile; fileRef = 8E4D5CD01DB204DD00CC2870 /* ProfileService.swift */; };
		8E4D5CD51DB2184300CC2870 /* Colors.swift in Sources */ = {isa = PBXBuildFile; fileRef = 8E4D5CD41DB2184300CC2870 /* Colors.swift */; };
		8E4D5CD71DB225E400CC2870 /* CGButton.swift in Sources */ = {isa = PBXBuildFile; fileRef = 8E4D5CD61DB225E400CC2870 /* CGButton.swift */; };
		8E65E7231E46B83B00627CE0 /* HiveCreationService.swift in Sources */ = {isa = PBXBuildFile; fileRef = 8E65E7221E46B83B00627CE0 /* HiveCreationService.swift */; };
		8E65E7271E46B8E100627CE0 /* HiveModel.swift in Sources */ = {isa = PBXBuildFile; fileRef = 8E65E7261E46B8E100627CE0 /* HiveModel.swift */; };
		8E65E7291E46C73D00627CE0 /* CreateBeeKeeperViewController.swift in Sources */ = {isa = PBXBuildFile; fileRef = 8E65E7281E46C73D00627CE0 /* CreateBeeKeeperViewController.swift */; };
		8E65E72D1E46C92E00627CE0 /* TextFieldTableViewCell.swift in Sources */ = {isa = PBXBuildFile; fileRef = 8E65E72C1E46C92E00627CE0 /* TextFieldTableViewCell.swift */; };
/* End PBXBuildFile section */

/* Begin PBXContainerItemProxy section */
		8E3D24B61DB1FAC900B2D8FF /* PBXContainerItemProxy */ = {
			isa = PBXContainerItemProxy;
			containerPortal = 8E3D24991DB1FAC800B2D8FF /* Project object */;
			proxyType = 1;
			remoteGlobalIDString = 8E3D24A01DB1FAC800B2D8FF;
			remoteInfo = changegamer;
		};
		8E3D24C11DB1FAC900B2D8FF /* PBXContainerItemProxy */ = {
			isa = PBXContainerItemProxy;
			containerPortal = 8E3D24991DB1FAC800B2D8FF /* Project object */;
			proxyType = 1;
			remoteGlobalIDString = 8E3D24A01DB1FAC800B2D8FF;
			remoteInfo = changegamer;
		};
/* End PBXContainerItemProxy section */

/* Begin PBXFileReference section */
		0FFFC6CE4478B9AB2A5372FF /* Pods-changegamer.debug.xcconfig */ = {isa = PBXFileReference; includeInIndex = 1; lastKnownFileType = text.xcconfig; name = "Pods-changegamer.debug.xcconfig"; path = "Pods/Target Support Files/Pods-changegamer/Pods-changegamer.debug.xcconfig"; sourceTree = "<group>"; };
		420545F0F89043BB460FE6FC /* Pods-changegamer.release.xcconfig */ = {isa = PBXFileReference; includeInIndex = 1; lastKnownFileType = text.xcconfig; name = "Pods-changegamer.release.xcconfig"; path = "Pods/Target Support Files/Pods-changegamer/Pods-changegamer.release.xcconfig"; sourceTree = "<group>"; };
		8E18DD381E3D80A300FCDB1F /* Graphik-Bold.otf */ = {isa = PBXFileReference; lastKnownFileType = file; path = "Graphik-Bold.otf"; sourceTree = "<group>"; };
		8E18DD3A1E3D80A300FCDB1F /* Graphik-Extralight.otf */ = {isa = PBXFileReference; lastKnownFileType = file; path = "Graphik-Extralight.otf"; sourceTree = "<group>"; };
		8E18DD3C1E3D80A300FCDB1F /* Graphik-Light.otf */ = {isa = PBXFileReference; lastKnownFileType = file; path = "Graphik-Light.otf"; sourceTree = "<group>"; };
		8E18DD3D1E3D80A300FCDB1F /* Graphik-LightItalic.otf */ = {isa = PBXFileReference; lastKnownFileType = file; path = "Graphik-LightItalic.otf"; sourceTree = "<group>"; };
		8E18DD3E1E3D80A300FCDB1F /* Graphik-Medium.otf */ = {isa = PBXFileReference; lastKnownFileType = file; path = "Graphik-Medium.otf"; sourceTree = "<group>"; };
		8E18DD401E3D80A300FCDB1F /* Graphik-Regular.otf */ = {isa = PBXFileReference; lastKnownFileType = file; path = "Graphik-Regular.otf"; sourceTree = "<group>"; };
		8E18DD5A1E3D80DC00FCDB1F /* Fonts.swift */ = {isa = PBXFileReference; fileEncoding = 4; lastKnownFileType = sourcecode.swift; path = Fonts.swift; sourceTree = "<group>"; };
		8E18DD5C1E3D9DAE00FCDB1F /* AppearanceSetup.swift */ = {isa = PBXFileReference; fileEncoding = 4; lastKnownFileType = sourcecode.swift; path = AppearanceSetup.swift; sourceTree = "<group>"; };
		8E18DD5E1E3DB09700FCDB1F /* LoginViewController.swift */ = {isa = PBXFileReference; fileEncoding = 4; lastKnownFileType = sourcecode.swift; path = LoginViewController.swift; sourceTree = "<group>"; };
		8E26162F1E518D2B008F75F2 /* BeeKeeperModel.swift */ = {isa = PBXFileReference; fileEncoding = 4; lastKnownFileType = sourcecode.swift; path = BeeKeeperModel.swift; sourceTree = "<group>"; };
		8E2616331E51992A008F75F2 /* AddHiveMembersViewController.swift */ = {isa = PBXFileReference; fileEncoding = 4; lastKnownFileType = sourcecode.swift; path = AddHiveMembersViewController.swift; sourceTree = "<group>"; };
		8E2616351E519A5C008F75F2 /* AddHiveMemberTableViewCell.swift */ = {isa = PBXFileReference; fileEncoding = 4; lastKnownFileType = sourcecode.swift; path = AddHiveMemberTableViewCell.swift; sourceTree = "<group>"; };
		8E2616391E519BB1008F75F2 /* HiveMemberAddedTableViewCell.swift */ = {isa = PBXFileReference; fileEncoding = 4; lastKnownFileType = sourcecode.swift; path = HiveMemberAddedTableViewCell.swift; sourceTree = "<group>"; };
		8E2AD9081DC67BD6009CEF5F /* InitialViewController.swift */ = {isa = PBXFileReference; fileEncoding = 4; lastKnownFileType = sourcecode.swift; path = InitialViewController.swift; sourceTree = "<group>"; };
		8E2AD90D1DC67DED009CEF5F /* AuthService.swift */ = {isa = PBXFileReference; fileEncoding = 4; lastKnownFileType = sourcecode.swift; path = AuthService.swift; sourceTree = "<group>"; };
		8E37CADB1E3ECC0200203D73 /* CreateHiveViewController.swift */ = {isa = PBXFileReference; fileEncoding = 4; lastKnownFileType = sourcecode.swift; path = CreateHiveViewController.swift; sourceTree = "<group>"; };
		8E37CADD1E3ECC6100203D73 /* JoinExistingHiveViewController.swift */ = {isa = PBXFileReference; fileEncoding = 4; lastKnownFileType = sourcecode.swift; path = JoinExistingHiveViewController.swift; sourceTree = "<group>"; };
		8E3D24A11DB1FAC900B2D8FF /* changegamer.app */ = {isa = PBXFileReference; explicitFileType = wrapper.application; includeInIndex = 0; path = changegamer.app; sourceTree = BUILT_PRODUCTS_DIR; };
		8E3D24A41DB1FAC900B2D8FF /* AppDelegate.swift */ = {isa = PBXFileReference; lastKnownFileType = sourcecode.swift; path = AppDelegate.swift; sourceTree = "<group>"; };
		8E3D24A61DB1FAC900B2D8FF /* MainViewController.swift */ = {isa = PBXFileReference; lastKnownFileType = sourcecode.swift; path = MainViewController.swift; sourceTree = "<group>"; };
		8E3D24AB1DB1FAC900B2D8FF /* Assets.xcassets */ = {isa = PBXFileReference; lastKnownFileType = folder.assetcatalog; path = Assets.xcassets; sourceTree = "<group>"; };
		8E3D24AE1DB1FAC900B2D8FF /* Base */ = {isa = PBXFileReference; lastKnownFileType = file.storyboard; name = Base; path = Base.lproj/LaunchScreen.storyboard; sourceTree = "<group>"; };
		8E3D24B01DB1FAC900B2D8FF /* Info.plist */ = {isa = PBXFileReference; lastKnownFileType = text.plist.xml; path = Info.plist; sourceTree = "<group>"; };
		8E3D24B51DB1FAC900B2D8FF /* changegamerTests.xctest */ = {isa = PBXFileReference; explicitFileType = wrapper.cfbundle; includeInIndex = 0; path = changegamerTests.xctest; sourceTree = BUILT_PRODUCTS_DIR; };
		8E3D24B91DB1FAC900B2D8FF /* changegamerTests.swift */ = {isa = PBXFileReference; lastKnownFileType = sourcecode.swift; path = changegamerTests.swift; sourceTree = "<group>"; };
		8E3D24BB1DB1FAC900B2D8FF /* Info.plist */ = {isa = PBXFileReference; lastKnownFileType = text.plist.xml; path = Info.plist; sourceTree = "<group>"; };
		8E3D24C01DB1FAC900B2D8FF /* changegamerUITests.xctest */ = {isa = PBXFileReference; explicitFileType = wrapper.cfbundle; includeInIndex = 0; path = changegamerUITests.xctest; sourceTree = BUILT_PRODUCTS_DIR; };
		8E3D24C41DB1FAC900B2D8FF /* changegamerUITests.swift */ = {isa = PBXFileReference; lastKnownFileType = sourcecode.swift; path = changegamerUITests.swift; sourceTree = "<group>"; };
		8E3D24C61DB1FAC900B2D8FF /* Info.plist */ = {isa = PBXFileReference; lastKnownFileType = text.plist.xml; path = Info.plist; sourceTree = "<group>"; };
		8E4D5CD01DB204DD00CC2870 /* ProfileService.swift */ = {isa = PBXFileReference; fileEncoding = 4; lastKnownFileType = sourcecode.swift; path = ProfileService.swift; sourceTree = "<group>"; };
		8E4D5CD41DB2184300CC2870 /* Colors.swift */ = {isa = PBXFileReference; fileEncoding = 4; lastKnownFileType = sourcecode.swift; path = Colors.swift; sourceTree = "<group>"; };
		8E4D5CD61DB225E400CC2870 /* CGButton.swift */ = {isa = PBXFileReference; fileEncoding = 4; lastKnownFileType = sourcecode.swift; path = CGButton.swift; sourceTree = "<group>"; };
		8E65E7221E46B83B00627CE0 /* HiveCreationService.swift */ = {isa = PBXFileReference; fileEncoding = 4; lastKnownFileType = sourcecode.swift; path = HiveCreationService.swift; sourceTree = "<group>"; };
		8E65E7261E46B8E100627CE0 /* HiveModel.swift */ = {isa = PBXFileReference; fileEncoding = 4; lastKnownFileType = sourcecode.swift; path = HiveModel.swift; sourceTree = "<group>"; };
		8E65E7281E46C73D00627CE0 /* CreateBeeKeeperViewController.swift */ = {isa = PBXFileReference; fileEncoding = 4; lastKnownFileType = sourcecode.swift; path = CreateBeeKeeperViewController.swift; sourceTree = "<group>"; };
		8E65E72C1E46C92E00627CE0 /* TextFieldTableViewCell.swift */ = {isa = PBXFileReference; fileEncoding = 4; lastKnownFileType = sourcecode.swift; path = TextFieldTableViewCell.swift; sourceTree = "<group>"; };
		A38D562B0210FAAB734BC110 /* Pods_changegamer.framework */ = {isa = PBXFileReference; explicitFileType = wrapper.framework; includeInIndex = 0; path = Pods_changegamer.framework; sourceTree = BUILT_PRODUCTS_DIR; };
/* End PBXFileReference section */

/* Begin PBXFrameworksBuildPhase section */
		8E3D249E1DB1FAC800B2D8FF /* Frameworks */ = {
			isa = PBXFrameworksBuildPhase;
			buildActionMask = 2147483647;
			files = (
				3942A0495F0FB64528FE1CDA /* Pods_changegamer.framework in Frameworks */,
			);
			runOnlyForDeploymentPostprocessing = 0;
		};
		8E3D24B21DB1FAC900B2D8FF /* Frameworks */ = {
			isa = PBXFrameworksBuildPhase;
			buildActionMask = 2147483647;
			files = (
			);
			runOnlyForDeploymentPostprocessing = 0;
		};
		8E3D24BD1DB1FAC900B2D8FF /* Frameworks */ = {
			isa = PBXFrameworksBuildPhase;
			buildActionMask = 2147483647;
			files = (
			);
			runOnlyForDeploymentPostprocessing = 0;
		};
/* End PBXFrameworksBuildPhase section */

/* Begin PBXGroup section */
		4BD364BED22289DDF18FEC37 /* Pods */ = {
			isa = PBXGroup;
			children = (
				0FFFC6CE4478B9AB2A5372FF /* Pods-changegamer.debug.xcconfig */,
				420545F0F89043BB460FE6FC /* Pods-changegamer.release.xcconfig */,
			);
			name = Pods;
			sourceTree = "<group>";
		};
		8E18DD341E3D806300FCDB1F /* Appearance */ = {
			isa = PBXGroup;
			children = (
				8E18DD351E3D808500FCDB1F /* Fonts */,
				8E4D5CD41DB2184300CC2870 /* Colors.swift */,
				8E18DD5A1E3D80DC00FCDB1F /* Fonts.swift */,
				8E18DD5C1E3D9DAE00FCDB1F /* AppearanceSetup.swift */,
				8E4D5CD61DB225E400CC2870 /* CGButton.swift */,
			);
			name = Appearance;
			sourceTree = "<group>";
		};
		8E18DD351E3D808500FCDB1F /* Fonts */ = {
			isa = PBXGroup;
			children = (
				8E18DD381E3D80A300FCDB1F /* Graphik-Bold.otf */,
				8E18DD3A1E3D80A300FCDB1F /* Graphik-Extralight.otf */,
				8E18DD3C1E3D80A300FCDB1F /* Graphik-Light.otf */,
				8E18DD3D1E3D80A300FCDB1F /* Graphik-LightItalic.otf */,
				8E18DD3E1E3D80A300FCDB1F /* Graphik-Medium.otf */,
				8E18DD401E3D80A300FCDB1F /* Graphik-Regular.otf */,
			);
			name = Fonts;
			sourceTree = "<group>";
		};
		8E2AD90A1DC67CFF009CEF5F /* Services */ = {
			isa = PBXGroup;
			children = (
				8E4D5CD01DB204DD00CC2870 /* ProfileService.swift */,
				8E2AD90D1DC67DED009CEF5F /* AuthService.swift */,
				8E65E7221E46B83B00627CE0 /* HiveCreationService.swift */,
			);
			name = Services;
			sourceTree = "<group>";
		};
		8E3D24981DB1FAC800B2D8FF = {
			isa = PBXGroup;
			children = (
				8E3D24A31DB1FAC900B2D8FF /* changegamer */,
				8E3D24B81DB1FAC900B2D8FF /* changegamerTests */,
				8E3D24C31DB1FAC900B2D8FF /* changegamerUITests */,
				8E3D24A21DB1FAC900B2D8FF /* Products */,
				4BD364BED22289DDF18FEC37 /* Pods */,
				9F1F52922690E96D5DD4F5AE /* Frameworks */,
			);
			sourceTree = "<group>";
		};
		8E3D24A21DB1FAC900B2D8FF /* Products */ = {
			isa = PBXGroup;
			children = (
				8E3D24A11DB1FAC900B2D8FF /* changegamer.app */,
				8E3D24B51DB1FAC900B2D8FF /* changegamerTests.xctest */,
				8E3D24C01DB1FAC900B2D8FF /* changegamerUITests.xctest */,
			);
			name = Products;
			sourceTree = "<group>";
		};
		8E3D24A31DB1FAC900B2D8FF /* changegamer */ = {
			isa = PBXGroup;
			children = (
				8E65E72B1E46C8FD00627CE0 /* TableViewCells */,
				8E65E72A1E46C8F100627CE0 /* Views */,
				8E3D24A41DB1FAC900B2D8FF /* AppDelegate.swift */,
				8E65E7241E46B89C00627CE0 /* View Controllers */,
				8E65E7251E46B8A500627CE0 /* Models */,
				8E2AD90A1DC67CFF009CEF5F /* Services */,
				8E18DD341E3D806300FCDB1F /* Appearance */,
				8E3D24AB1DB1FAC900B2D8FF /* Assets.xcassets */,
				8E3D24AD1DB1FAC900B2D8FF /* LaunchScreen.storyboard */,
				8E3D24B01DB1FAC900B2D8FF /* Info.plist */,
			);
			path = changegamer;
			sourceTree = "<group>";
		};
		8E3D24B81DB1FAC900B2D8FF /* changegamerTests */ = {
			isa = PBXGroup;
			children = (
				8E3D24B91DB1FAC900B2D8FF /* changegamerTests.swift */,
				8E3D24BB1DB1FAC900B2D8FF /* Info.plist */,
			);
			path = changegamerTests;
			sourceTree = "<group>";
		};
		8E3D24C31DB1FAC900B2D8FF /* changegamerUITests */ = {
			isa = PBXGroup;
			children = (
				8E3D24C41DB1FAC900B2D8FF /* changegamerUITests.swift */,
				8E3D24C61DB1FAC900B2D8FF /* Info.plist */,
			);
			path = changegamerUITests;
			sourceTree = "<group>";
		};
		8E65E7241E46B89C00627CE0 /* View Controllers */ = {
			isa = PBXGroup;
			children = (
				8E2AD9081DC67BD6009CEF5F /* InitialViewController.swift */,
				8E18DD5E1E3DB09700FCDB1F /* LoginViewController.swift */,
				8E3D24A61DB1FAC900B2D8FF /* MainViewController.swift */,
				8E37CADB1E3ECC0200203D73 /* CreateHiveViewController.swift */,
				8E37CADD1E3ECC6100203D73 /* JoinExistingHiveViewController.swift */,
				8E65E7281E46C73D00627CE0 /* CreateBeeKeeperViewController.swift */,
				8E2616331E51992A008F75F2 /* AddHiveMembersViewController.swift */,
			);
			name = "View Controllers";
			sourceTree = "<group>";
		};
		8E65E7251E46B8A500627CE0 /* Models */ = {
			isa = PBXGroup;
			children = (
				8E65E7261E46B8E100627CE0 /* HiveModel.swift */,
				8E26162F1E518D2B008F75F2 /* BeeKeeperModel.swift */,
			);
			name = Models;
			sourceTree = "<group>";
		};
		8E65E72A1E46C8F100627CE0 /* Views */ = {
			isa = PBXGroup;
			children = (
			);
			name = Views;
			sourceTree = "<group>";
		};
		8E65E72B1E46C8FD00627CE0 /* TableViewCells */ = {
			isa = PBXGroup;
			children = (
				8E65E72C1E46C92E00627CE0 /* TextFieldTableViewCell.swift */,
				8E2616351E519A5C008F75F2 /* AddHiveMemberTableViewCell.swift */,
				8E2616391E519BB1008F75F2 /* HiveMemberAddedTableViewCell.swift */,
			);
			name = TableViewCells;
			sourceTree = "<group>";
		};
		9F1F52922690E96D5DD4F5AE /* Frameworks */ = {
			isa = PBXGroup;
			children = (
				A38D562B0210FAAB734BC110 /* Pods_changegamer.framework */,
			);
			name = Frameworks;
			sourceTree = "<group>";
		};
/* End PBXGroup section */

/* Begin PBXNativeTarget section */
		8E3D24A01DB1FAC800B2D8FF /* changegamer */ = {
			isa = PBXNativeTarget;
			buildConfigurationList = 8E3D24C91DB1FAC900B2D8FF /* Build configuration list for PBXNativeTarget "changegamer" */;
			buildPhases = (
				13FD8CBF502A2FD1F9D221EC /* [CP] Check Pods Manifest.lock */,
				8E3D249D1DB1FAC800B2D8FF /* Sources */,
				8E3D249E1DB1FAC800B2D8FF /* Frameworks */,
				8E3D249F1DB1FAC800B2D8FF /* Resources */,
				64200A56BF8841C0FBEC5B4B /* [CP] Embed Pods Frameworks */,
				785D56032DA6570D5B7A5FFD /* [CP] Copy Pods Resources */,
				8E2A09041E22D95C00656F66 /* ShellScript */,
			);
			buildRules = (
			);
			dependencies = (
			);
			name = changegamer;
			productName = changegamer;
			productReference = 8E3D24A11DB1FAC900B2D8FF /* changegamer.app */;
			productType = "com.apple.product-type.application";
		};
		8E3D24B41DB1FAC900B2D8FF /* changegamerTests */ = {
			isa = PBXNativeTarget;
			buildConfigurationList = 8E3D24CC1DB1FAC900B2D8FF /* Build configuration list for PBXNativeTarget "changegamerTests" */;
			buildPhases = (
				8E3D24B11DB1FAC900B2D8FF /* Sources */,
				8E3D24B21DB1FAC900B2D8FF /* Frameworks */,
				8E3D24B31DB1FAC900B2D8FF /* Resources */,
			);
			buildRules = (
			);
			dependencies = (
				8E3D24B71DB1FAC900B2D8FF /* PBXTargetDependency */,
			);
			name = changegamerTests;
			productName = changegamerTests;
			productReference = 8E3D24B51DB1FAC900B2D8FF /* changegamerTests.xctest */;
			productType = "com.apple.product-type.bundle.unit-test";
		};
		8E3D24BF1DB1FAC900B2D8FF /* changegamerUITests */ = {
			isa = PBXNativeTarget;
			buildConfigurationList = 8E3D24CF1DB1FAC900B2D8FF /* Build configuration list for PBXNativeTarget "changegamerUITests" */;
			buildPhases = (
				8E3D24BC1DB1FAC900B2D8FF /* Sources */,
				8E3D24BD1DB1FAC900B2D8FF /* Frameworks */,
				8E3D24BE1DB1FAC900B2D8FF /* Resources */,
			);
			buildRules = (
			);
			dependencies = (
				8E3D24C21DB1FAC900B2D8FF /* PBXTargetDependency */,
			);
			name = changegamerUITests;
			productName = changegamerUITests;
			productReference = 8E3D24C01DB1FAC900B2D8FF /* changegamerUITests.xctest */;
			productType = "com.apple.product-type.bundle.ui-testing";
		};
/* End PBXNativeTarget section */

/* Begin PBXProject section */
		8E3D24991DB1FAC800B2D8FF /* Project object */ = {
			isa = PBXProject;
			attributes = {
				LastSwiftUpdateCheck = 0800;
				LastUpgradeCheck = 0820;
				ORGANIZATIONNAME = "Kenan Pulak";
				TargetAttributes = {
					8E3D24A01DB1FAC800B2D8FF = {
						CreatedOnToolsVersion = 8.0;
						ProvisioningStyle = Automatic;
					};
					8E3D24B41DB1FAC900B2D8FF = {
						CreatedOnToolsVersion = 8.0;
						DevelopmentTeam = VVW2YNDCG9;
						ProvisioningStyle = Automatic;
						TestTargetID = 8E3D24A01DB1FAC800B2D8FF;
					};
					8E3D24BF1DB1FAC900B2D8FF = {
						CreatedOnToolsVersion = 8.0;
						DevelopmentTeam = VVW2YNDCG9;
						ProvisioningStyle = Automatic;
						TestTargetID = 8E3D24A01DB1FAC800B2D8FF;
					};
				};
			};
			buildConfigurationList = 8E3D249C1DB1FAC800B2D8FF /* Build configuration list for PBXProject "changegamer" */;
			compatibilityVersion = "Xcode 3.2";
			developmentRegion = English;
			hasScannedForEncodings = 0;
			knownRegions = (
				en,
				Base,
			);
			mainGroup = 8E3D24981DB1FAC800B2D8FF;
			productRefGroup = 8E3D24A21DB1FAC900B2D8FF /* Products */;
			projectDirPath = "";
			projectRoot = "";
			targets = (
				8E3D24A01DB1FAC800B2D8FF /* changegamer */,
				8E3D24B41DB1FAC900B2D8FF /* changegamerTests */,
				8E3D24BF1DB1FAC900B2D8FF /* changegamerUITests */,
			);
		};
/* End PBXProject section */

/* Begin PBXResourcesBuildPhase section */
		8E3D249F1DB1FAC800B2D8FF /* Resources */ = {
			isa = PBXResourcesBuildPhase;
			buildActionMask = 2147483647;
			files = (
				8E18DD521E3D80A300FCDB1F /* Graphik-Regular.otf in Resources */,
				8E18DD4E1E3D80A300FCDB1F /* Graphik-Light.otf in Resources */,
				8E18DD4A1E3D80A300FCDB1F /* Graphik-Bold.otf in Resources */,
				8E18DD4F1E3D80A300FCDB1F /* Graphik-LightItalic.otf in Resources */,
				8E3D24AF1DB1FAC900B2D8FF /* LaunchScreen.storyboard in Resources */,
				8E3D24AC1DB1FAC900B2D8FF /* Assets.xcassets in Resources */,
				8E18DD501E3D80A300FCDB1F /* Graphik-Medium.otf in Resources */,
				8E18DD4C1E3D80A300FCDB1F /* Graphik-Extralight.otf in Resources */,
			);
			runOnlyForDeploymentPostprocessing = 0;
		};
		8E3D24B31DB1FAC900B2D8FF /* Resources */ = {
			isa = PBXResourcesBuildPhase;
			buildActionMask = 2147483647;
			files = (
			);
			runOnlyForDeploymentPostprocessing = 0;
		};
		8E3D24BE1DB1FAC900B2D8FF /* Resources */ = {
			isa = PBXResourcesBuildPhase;
			buildActionMask = 2147483647;
			files = (
			);
			runOnlyForDeploymentPostprocessing = 0;
		};
/* End PBXResourcesBuildPhase section */

/* Begin PBXShellScriptBuildPhase section */
		13FD8CBF502A2FD1F9D221EC /* [CP] Check Pods Manifest.lock */ = {
			isa = PBXShellScriptBuildPhase;
			buildActionMask = 2147483647;
			files = (
			);
			inputPaths = (
			);
			name = "[CP] Check Pods Manifest.lock";
			outputPaths = (
			);
			runOnlyForDeploymentPostprocessing = 0;
			shellPath = /bin/sh;
			shellScript = "diff \"${PODS_ROOT}/../Podfile.lock\" \"${PODS_ROOT}/Manifest.lock\" > /dev/null\nif [ $? != 0 ] ; then\n    # print error to STDERR\n    echo \"error: The sandbox is not in sync with the Podfile.lock. Run 'pod install' or update your CocoaPods installation.\" >&2\n    exit 1\nfi\n";
			showEnvVarsInLog = 0;
		};
		64200A56BF8841C0FBEC5B4B /* [CP] Embed Pods Frameworks */ = {
			isa = PBXShellScriptBuildPhase;
			buildActionMask = 2147483647;
			files = (
			);
			inputPaths = (
			);
			name = "[CP] Embed Pods Frameworks";
			outputPaths = (
			);
			runOnlyForDeploymentPostprocessing = 0;
			shellPath = /bin/sh;
			shellScript = "\"${SRCROOT}/Pods/Target Support Files/Pods-changegamer/Pods-changegamer-frameworks.sh\"\n";
			showEnvVarsInLog = 0;
		};
		785D56032DA6570D5B7A5FFD /* [CP] Copy Pods Resources */ = {
			isa = PBXShellScriptBuildPhase;
			buildActionMask = 2147483647;
			files = (
			);
			inputPaths = (
			);
			name = "[CP] Copy Pods Resources";
			outputPaths = (
			);
			runOnlyForDeploymentPostprocessing = 0;
			shellPath = /bin/sh;
			shellScript = "\"${SRCROOT}/Pods/Target Support Files/Pods-changegamer/Pods-changegamer-resources.sh\"\n";
			showEnvVarsInLog = 0;
		};
		8E2A09041E22D95C00656F66 /* ShellScript */ = {
			isa = PBXShellScriptBuildPhase;
			buildActionMask = 2147483647;
			files = (
			);
			inputPaths = (
			);
			outputPaths = (
			);
			runOnlyForDeploymentPostprocessing = 0;
			shellPath = /bin/sh;
			shellScript = "\"${PODS_ROOT}/Fabric/run\" c60cf7fdf56a16fb0f3f54cf75dc1344f7f2bb05 8fb0a3e87965e28d60847ce19006cfa9b179fb7cb7a0dfecb062f71d0647bd8a";
		};
/* End PBXShellScriptBuildPhase section */

/* Begin PBXSourcesBuildPhase section */
		8E3D249D1DB1FAC800B2D8FF /* Sources */ = {
			isa = PBXSourcesBuildPhase;
			buildActionMask = 2147483647;
			files = (
				8E18DD5B1E3D80DC00FCDB1F /* Fonts.swift in Sources */,
				8E37CADE1E3ECC6100203D73 /* JoinExistingHiveViewController.swift in Sources */,
				8E18DD5D1E3D9DAE00FCDB1F /* AppearanceSetup.swift in Sources */,
				8E65E72D1E46C92E00627CE0 /* TextFieldTableViewCell.swift in Sources */,
				8E2AD9091DC67BD6009CEF5F /* InitialViewController.swift in Sources */,
				8E3D24A71DB1FAC900B2D8FF /* MainViewController.swift in Sources */,
				8E26163A1E519BB1008F75F2 /* HiveMemberAddedTableViewCell.swift in Sources */,
				8E4D5CD51DB2184300CC2870 /* Colors.swift in Sources */,
				8E4D5CD71DB225E400CC2870 /* CGButton.swift in Sources */,
				8E37CADC1E3ECC0200203D73 /* CreateHiveViewController.swift in Sources */,
				8E2616361E519A5C008F75F2 /* AddHiveMemberTableViewCell.swift in Sources */,
				8E3D24A51DB1FAC900B2D8FF /* AppDelegate.swift in Sources */,
				8E65E7271E46B8E100627CE0 /* HiveModel.swift in Sources */,
				8E4D5CD11DB204DD00CC2870 /* ProfileService.swift in Sources */,
				8E65E7291E46C73D00627CE0 /* CreateBeeKeeperViewController.swift in Sources */,
				8E2616301E518D2B008F75F2 /* BeeKeeperModel.swift in Sources */,
				8E18DD5F1E3DB09700FCDB1F /* LoginViewController.swift in Sources */,
				8E2AD90E1DC67DED009CEF5F /* AuthService.swift in Sources */,
				8E2616341E51992A008F75F2 /* AddHiveMembersViewController.swift in Sources */,
				8E65E7231E46B83B00627CE0 /* HiveCreationService.swift in Sources */,
			);
			runOnlyForDeploymentPostprocessing = 0;
		};
		8E3D24B11DB1FAC900B2D8FF /* Sources */ = {
			isa = PBXSourcesBuildPhase;
			buildActionMask = 2147483647;
			files = (
				8E3D24BA1DB1FAC900B2D8FF /* changegamerTests.swift in Sources */,
			);
			runOnlyForDeploymentPostprocessing = 0;
		};
		8E3D24BC1DB1FAC900B2D8FF /* Sources */ = {
			isa = PBXSourcesBuildPhase;
			buildActionMask = 2147483647;
			files = (
				8E3D24C51DB1FAC900B2D8FF /* changegamerUITests.swift in Sources */,
			);
			runOnlyForDeploymentPostprocessing = 0;
		};
/* End PBXSourcesBuildPhase section */

/* Begin PBXTargetDependency section */
		8E3D24B71DB1FAC900B2D8FF /* PBXTargetDependency */ = {
			isa = PBXTargetDependency;
			target = 8E3D24A01DB1FAC800B2D8FF /* changegamer */;
			targetProxy = 8E3D24B61DB1FAC900B2D8FF /* PBXContainerItemProxy */;
		};
		8E3D24C21DB1FAC900B2D8FF /* PBXTargetDependency */ = {
			isa = PBXTargetDependency;
			target = 8E3D24A01DB1FAC800B2D8FF /* changegamer */;
			targetProxy = 8E3D24C11DB1FAC900B2D8FF /* PBXContainerItemProxy */;
		};
/* End PBXTargetDependency section */

/* Begin PBXVariantGroup section */
		8E3D24AD1DB1FAC900B2D8FF /* LaunchScreen.storyboard */ = {
			isa = PBXVariantGroup;
			children = (
				8E3D24AE1DB1FAC900B2D8FF /* Base */,
			);
			name = LaunchScreen.storyboard;
			sourceTree = "<group>";
		};
/* End PBXVariantGroup section */

/* Begin XCBuildConfiguration section */
		8E3D24C71DB1FAC900B2D8FF /* Debug */ = {
			isa = XCBuildConfiguration;
			buildSettings = {
				ALWAYS_SEARCH_USER_PATHS = NO;
				CLANG_ANALYZER_NONNULL = YES;
				CLANG_CXX_LANGUAGE_STANDARD = "gnu++0x";
				CLANG_CXX_LIBRARY = "libc++";
				CLANG_ENABLE_MODULES = YES;
				CLANG_ENABLE_OBJC_ARC = YES;
				CLANG_WARN_BOOL_CONVERSION = YES;
				CLANG_WARN_CONSTANT_CONVERSION = YES;
				CLANG_WARN_DIRECT_OBJC_ISA_USAGE = YES_ERROR;
				CLANG_WARN_DOCUMENTATION_COMMENTS = YES;
				CLANG_WARN_EMPTY_BODY = YES;
				CLANG_WARN_ENUM_CONVERSION = YES;
				CLANG_WARN_INFINITE_RECURSION = YES;
				CLANG_WARN_INT_CONVERSION = YES;
				CLANG_WARN_OBJC_ROOT_CLASS = YES_ERROR;
				CLANG_WARN_SUSPICIOUS_MOVE = YES;
				CLANG_WARN_SUSPICIOUS_MOVES = YES;
				CLANG_WARN_UNREACHABLE_CODE = YES;
				CLANG_WARN__DUPLICATE_METHOD_MATCH = YES;
				CODE_SIGN_IDENTITY = "iPhone Distribution";
				"CODE_SIGN_IDENTITY[sdk=iphoneos*]" = "iPhone Developer";
				COPY_PHASE_STRIP = NO;
				DEBUG_INFORMATION_FORMAT = dwarf;
				DEVELOPMENT_TEAM = VVW2YNDCG9;
				ENABLE_STRICT_OBJC_MSGSEND = YES;
				ENABLE_TESTABILITY = YES;
				GCC_C_LANGUAGE_STANDARD = gnu99;
				GCC_DYNAMIC_NO_PIC = NO;
				GCC_NO_COMMON_BLOCKS = YES;
				GCC_OPTIMIZATION_LEVEL = 0;
				GCC_PREPROCESSOR_DEFINITIONS = (
					"DEBUG=1",
					"$(inherited)",
				);
				GCC_WARN_64_TO_32_BIT_CONVERSION = YES;
				GCC_WARN_ABOUT_RETURN_TYPE = YES_ERROR;
				GCC_WARN_UNDECLARED_SELECTOR = YES;
				GCC_WARN_UNINITIALIZED_AUTOS = YES_AGGRESSIVE;
				GCC_WARN_UNUSED_FUNCTION = YES;
				GCC_WARN_UNUSED_VARIABLE = YES;
				IPHONEOS_DEPLOYMENT_TARGET = 9.0;
				MTL_ENABLE_DEBUG_INFO = YES;
				ONLY_ACTIVE_ARCH = YES;
				PROVISIONING_PROFILE = "0036704b-b564-47d5-87ca-0f9553bc0265";
				SDKROOT = iphoneos;
				SWIFT_ACTIVE_COMPILATION_CONDITIONS = DEBUG;
				SWIFT_OPTIMIZATION_LEVEL = "-Onone";
				TARGETED_DEVICE_FAMILY = "1,2";
			};
			name = Debug;
		};
		8E3D24C81DB1FAC900B2D8FF /* Release */ = {
			isa = XCBuildConfiguration;
			buildSettings = {
				ALWAYS_SEARCH_USER_PATHS = NO;
				CLANG_ANALYZER_NONNULL = YES;
				CLANG_CXX_LANGUAGE_STANDARD = "gnu++0x";
				CLANG_CXX_LIBRARY = "libc++";
				CLANG_ENABLE_MODULES = YES;
				CLANG_ENABLE_OBJC_ARC = YES;
				CLANG_WARN_BOOL_CONVERSION = YES;
				CLANG_WARN_CONSTANT_CONVERSION = YES;
				CLANG_WARN_DIRECT_OBJC_ISA_USAGE = YES_ERROR;
				CLANG_WARN_DOCUMENTATION_COMMENTS = YES;
				CLANG_WARN_EMPTY_BODY = YES;
				CLANG_WARN_ENUM_CONVERSION = YES;
				CLANG_WARN_INFINITE_RECURSION = YES;
				CLANG_WARN_INT_CONVERSION = YES;
				CLANG_WARN_OBJC_ROOT_CLASS = YES_ERROR;
				CLANG_WARN_SUSPICIOUS_MOVE = YES;
				CLANG_WARN_SUSPICIOUS_MOVES = YES;
				CLANG_WARN_UNREACHABLE_CODE = YES;
				CLANG_WARN__DUPLICATE_METHOD_MATCH = YES;
				CODE_SIGN_IDENTITY = "iPhone Distribution";
				"CODE_SIGN_IDENTITY[sdk=iphoneos*]" = "iPhone Developer";
				COPY_PHASE_STRIP = NO;
				DEBUG_INFORMATION_FORMAT = "dwarf-with-dsym";
				DEVELOPMENT_TEAM = VVW2YNDCG9;
				ENABLE_NS_ASSERTIONS = NO;
				ENABLE_STRICT_OBJC_MSGSEND = YES;
				GCC_C_LANGUAGE_STANDARD = gnu99;
				GCC_NO_COMMON_BLOCKS = YES;
				GCC_WARN_64_TO_32_BIT_CONVERSION = YES;
				GCC_WARN_ABOUT_RETURN_TYPE = YES_ERROR;
				GCC_WARN_UNDECLARED_SELECTOR = YES;
				GCC_WARN_UNINITIALIZED_AUTOS = YES_AGGRESSIVE;
				GCC_WARN_UNUSED_FUNCTION = YES;
				GCC_WARN_UNUSED_VARIABLE = YES;
				IPHONEOS_DEPLOYMENT_TARGET = 9.0;
				MTL_ENABLE_DEBUG_INFO = NO;
				PROVISIONING_PROFILE = "0036704b-b564-47d5-87ca-0f9553bc0265";
				SDKROOT = iphoneos;
				SWIFT_OPTIMIZATION_LEVEL = "-Owholemodule";
				TARGETED_DEVICE_FAMILY = "1,2";
				VALIDATE_PRODUCT = YES;
			};
			name = Release;
		};
		8E3D24CA1DB1FAC900B2D8FF /* Debug */ = {
			isa = XCBuildConfiguration;
			baseConfigurationReference = 0FFFC6CE4478B9AB2A5372FF /* Pods-changegamer.debug.xcconfig */;
			buildSettings = {
				ALWAYS_EMBED_SWIFT_STANDARD_LIBRARIES = YES;
				ASSETCATALOG_COMPILER_APPICON_NAME = AppIcon;
				CODE_SIGN_IDENTITY = "iPhone Developer";
				"CODE_SIGN_IDENTITY[sdk=iphoneos*]" = "iPhone Developer";
				DEVELOPMENT_TEAM = "";
				INFOPLIST_FILE = changegamer/Info.plist;
				IPHONEOS_DEPLOYMENT_TARGET = 9.0;
				LD_RUNPATH_SEARCH_PATHS = "$(inherited) @executable_path/Frameworks";
				PRODUCT_BUNDLE_IDENTIFIER = com.changegamer.hiveDebug;
				PRODUCT_NAME = "$(TARGET_NAME)";
				PROVISIONING_PROFILE = "";
				PROVISIONING_PROFILE_SPECIFIER = "";
				SWIFT_VERSION = 3.0;
			};
			name = Debug;
		};
		8E3D24CB1DB1FAC900B2D8FF /* Release */ = {
			isa = XCBuildConfiguration;
			baseConfigurationReference = 420545F0F89043BB460FE6FC /* Pods-changegamer.release.xcconfig */;
			buildSettings = {
				ALWAYS_EMBED_SWIFT_STANDARD_LIBRARIES = YES;
				ASSETCATALOG_COMPILER_APPICON_NAME = AppIcon;
				CODE_SIGN_IDENTITY = "iPhone Developer";
				"CODE_SIGN_IDENTITY[sdk=iphoneos*]" = "iPhone Developer";
				DEVELOPMENT_TEAM = "";
				INFOPLIST_FILE = changegamer/Info.plist;
				IPHONEOS_DEPLOYMENT_TARGET = 9.0;
				LD_RUNPATH_SEARCH_PATHS = "$(inherited) @executable_path/Frameworks";
				PRODUCT_BUNDLE_IDENTIFIER = com.changegamer.hive;
				PRODUCT_NAME = "$(TARGET_NAME)";
				PROVISIONING_PROFILE = "";
				PROVISIONING_PROFILE_SPECIFIER = "";
				SWIFT_VERSION = 3.0;
			};
			name = Release;
		};
		8E3D24CD1DB1FAC900B2D8FF /* Debug */ = {
			isa = XCBuildConfiguration;
			buildSettings = {
				ALWAYS_EMBED_SWIFT_STANDARD_LIBRARIES = YES;
				BUNDLE_LOADER = "$(TEST_HOST)";
				INFOPLIST_FILE = changegamerTests/Info.plist;
				LD_RUNPATH_SEARCH_PATHS = "$(inherited) @executable_path/Frameworks @loader_path/Frameworks";
				PRODUCT_BUNDLE_IDENTIFIER = com.changegamer.changegamerTests;
				PRODUCT_NAME = "$(TARGET_NAME)";
				SWIFT_VERSION = 3.0;
				TEST_HOST = "$(BUILT_PRODUCTS_DIR)/changegamer.app/changegamer";
			};
			name = Debug;
		};
		8E3D24CE1DB1FAC900B2D8FF /* Release */ = {
			isa = XCBuildConfiguration;
			buildSettings = {
				ALWAYS_EMBED_SWIFT_STANDARD_LIBRARIES = YES;
				BUNDLE_LOADER = "$(TEST_HOST)";
				INFOPLIST_FILE = changegamerTests/Info.plist;
				LD_RUNPATH_SEARCH_PATHS = "$(inherited) @executable_path/Frameworks @loader_path/Frameworks";
				PRODUCT_BUNDLE_IDENTIFIER = com.changegamer.changegamerTests;
				PRODUCT_NAME = "$(TARGET_NAME)";
				SWIFT_VERSION = 3.0;
				TEST_HOST = "$(BUILT_PRODUCTS_DIR)/changegamer.app/changegamer";
			};
			name = Release;
		};
		8E3D24D01DB1FAC900B2D8FF /* Debug */ = {
			isa = XCBuildConfiguration;
			buildSettings = {
				ALWAYS_EMBED_SWIFT_STANDARD_LIBRARIES = YES;
				INFOPLIST_FILE = changegamerUITests/Info.plist;
				LD_RUNPATH_SEARCH_PATHS = "$(inherited) @executable_path/Frameworks @loader_path/Frameworks";
				PRODUCT_BUNDLE_IDENTIFIER = com.changegamer.changegamerUITests;
				PRODUCT_NAME = "$(TARGET_NAME)";
				SWIFT_VERSION = 3.0;
				TEST_TARGET_NAME = changegamer;
			};
			name = Debug;
		};
		8E3D24D11DB1FAC900B2D8FF /* Release */ = {
			isa = XCBuildConfiguration;
			buildSettings = {
				ALWAYS_EMBED_SWIFT_STANDARD_LIBRARIES = YES;
				INFOPLIST_FILE = changegamerUITests/Info.plist;
				LD_RUNPATH_SEARCH_PATHS = "$(inherited) @executable_path/Frameworks @loader_path/Frameworks";
				PRODUCT_BUNDLE_IDENTIFIER = com.changegamer.changegamerUITests;
				PRODUCT_NAME = "$(TARGET_NAME)";
				SWIFT_VERSION = 3.0;
				TEST_TARGET_NAME = changegamer;
			};
			name = Release;
		};
/* End XCBuildConfiguration section */

/* Begin XCConfigurationList section */
		8E3D249C1DB1FAC800B2D8FF /* Build configuration list for PBXProject "changegamer" */ = {
			isa = XCConfigurationList;
			buildConfigurations = (
				8E3D24C71DB1FAC900B2D8FF /* Debug */,
				8E3D24C81DB1FAC900B2D8FF /* Release */,
			);
			defaultConfigurationIsVisible = 0;
			defaultConfigurationName = Release;
		};
		8E3D24C91DB1FAC900B2D8FF /* Build configuration list for PBXNativeTarget "changegamer" */ = {
			isa = XCConfigurationList;
			buildConfigurations = (
				8E3D24CA1DB1FAC900B2D8FF /* Debug */,
				8E3D24CB1DB1FAC900B2D8FF /* Release */,
			);
			defaultConfigurationIsVisible = 0;
			defaultConfigurationName = Release;
		};
		8E3D24CC1DB1FAC900B2D8FF /* Build configuration list for PBXNativeTarget "changegamerTests" */ = {
			isa = XCConfigurationList;
			buildConfigurations = (
				8E3D24CD1DB1FAC900B2D8FF /* Debug */,
				8E3D24CE1DB1FAC900B2D8FF /* Release */,
			);
			defaultConfigurationIsVisible = 0;
			defaultConfigurationName = Release;
		};
		8E3D24CF1DB1FAC900B2D8FF /* Build configuration list for PBXNativeTarget "changegamerUITests" */ = {
			isa = XCConfigurationList;
			buildConfigurations = (
				8E3D24D01DB1FAC900B2D8FF /* Debug */,
				8E3D24D11DB1FAC900B2D8FF /* Release */,
			);
			defaultConfigurationIsVisible = 0;
			defaultConfigurationName = Release;
		};
/* End XCConfigurationList section */
	};
	rootObject = 8E3D24991DB1FAC800B2D8FF /* Project object */;
}
